
Microsoft Visual Studio Solution File, Format Version 12.00
# Visual Studio Version 16
VisualStudioVersion = 16.0.31112.23
MinimumVisualStudioVersion = 10.0.40219.1
Project("{FAE04EC0-301F-11D3-BF4B-00C04F79EFBC}") = "Bar_Scan_Task3.Android", "Bar_Scan_Task3\Bar_Scan_Task3.Android\Bar_Scan_Task3.Android.csproj", "{E4FACF2B-C64C-46E8-B390-2BB156A2EEDF}"
EndProject
Project("{FAE04EC0-301F-11D3-BF4B-00C04F79EFBC}") = "Bar_Scan_Task3", "Bar_Scan_Task3\Bar_Scan_Task3\Bar_Scan_Task3.csproj", "{3A162910-8600-4E98-A253-26F6ED5EFD1E}"
EndProject
Global
	GlobalSection(SolutionConfigurationPlatforms) = preSolution
		Debug|Any CPU = Debug|Any CPU
		Release|Any CPU = Release|Any CPU
	EndGlobalSection
	GlobalSection(ProjectConfigurationPlatforms) = postSolution
		{E4FACF2B-C64C-46E8-B390-2BB156A2EEDF}.Debug|Any CPU.ActiveCfg = Debug|Any CPU
		{E4FACF2B-C64C-46E8-B390-2BB156A2EEDF}.Debug|Any CPU.Build.0 = Debug|Any CPU
		{E4FACF2B-C64C-46E8-B390-2BB156A2EEDF}.Debug|Any CPU.Deploy.0 = Debug|Any CPU
		{E4FACF2B-C64C-46E8-B390-2BB156A2EEDF}.Release|Any CPU.ActiveCfg = Release|Any CPU
		{E4FACF2B-C64C-46E8-B390-2BB156A2EEDF}.Release|Any CPU.Build.0 = Release|Any CPU
		{E4FACF2B-C64C-46E8-B390-2BB156A2EEDF}.Release|Any CPU.Deploy.0 = Release|Any CPU
		{3A162910-8600-4E98-A253-26F6ED5EFD1E}.Debug|Any CPU.ActiveCfg = Debug|Any CPU
		{3A162910-8600-4E98-A253-26F6ED5EFD1E}.Debug|Any CPU.Build.0 = Debug|Any CPU
		{3A162910-8600-4E98-A253-26F6ED5EFD1E}.Debug|Any CPU.Deploy.0 = Debug|Any CPU
		{3A162910-8600-4E98-A253-26F6ED5EFD1E}.Release|Any CPU.ActiveCfg = Release|Any CPU
		{3A162910-8600-4E98-A253-26F6ED5EFD1E}.Release|Any CPU.Build.0 = Release|Any CPU
		{3A162910-8600-4E98-A253-26F6ED5EFD1E}.Release|Any CPU.Deploy.0 = Release|Any CPU
	EndGlobalSection
	GlobalSection(SolutionProperties) = preSolution
		HideSolutionNode = FALSE
	EndGlobalSection
	GlobalSection(ExtensibilityGlobals) = postSolution
		SolutionGuid = {C13D0BB5-C379-43C8-AA49-F5C1418F8ADB}
	EndGlobalSection
EndGlobal
